// !$*UTF8*$!
{
	archiveVersion = 1;
	classes = {
	};
	objectVersion = 50;
	objects = {

/* Begin PBXBuildFile section */
		B09A25381E9BC3DC003FE45C /* AppDelegate.swift in Sources */ = {isa = PBXBuildFile; fileRef = B09A25371E9BC3DC003FE45C /* AppDelegate.swift */; };
		B09A253A1E9BC3DC003FE45C /* ViewController.swift in Sources */ = {isa = PBXBuildFile; fileRef = B09A25391E9BC3DC003FE45C /* ViewController.swift */; };
		B09A253D1E9BC3DC003FE45C /* Main.storyboard in Resources */ = {isa = PBXBuildFile; fileRef = B09A253B1E9BC3DC003FE45C /* Main.storyboard */; };
		B09A253F1E9BC3DC003FE45C /* Assets.xcassets in Resources */ = {isa = PBXBuildFile; fileRef = B09A253E1E9BC3DC003FE45C /* Assets.xcassets */; };
		B09A25421E9BC3DC003FE45C /* LaunchScreen.storyboard in Resources */ = {isa = PBXBuildFile; fileRef = B09A25401E9BC3DC003FE45C /* LaunchScreen.storyboard */; };
		B09A254A1E9BC3F2003FE45C /* Triangle.swift in Sources */ = {isa = PBXBuildFile; fileRef = B09A25491E9BC3F2003FE45C /* Triangle.swift */; };
		B09A254C1E9BC620003FE45C /* Circle.swift in Sources */ = {isa = PBXBuildFile; fileRef = B09A254B1E9BC620003FE45C /* Circle.swift */; };
		B09A254E1E9BC6DD003FE45C /* Square.swift in Sources */ = {isa = PBXBuildFile; fileRef = B09A254D1E9BC6DD003FE45C /* Square.swift */; };
		B09A25501E9BC87D003FE45C /* Shape.swift in Sources */ = {isa = PBXBuildFile; fileRef = B09A254F1E9BC87D003FE45C /* Shape.swift */; };
/* End PBXBuildFile section */

/* Begin PBXFileReference section */
		B09A25341E9BC3DC003FE45C /* Exercises.app */ = {isa = PBXFileReference; explicitFileType = wrapper.application; includeInIndex = 0; path = Exercises.app; sourceTree = BUILT_PRODUCTS_DIR; };
		B09A25371E9BC3DC003FE45C /* AppDelegate.swift */ = {isa = PBXFileReference; lastKnownFileType = sourcecode.swift; path = AppDelegate.swift; sourceTree = "<group>"; };
		B09A25391E9BC3DC003FE45C /* ViewController.swift */ = {isa = PBXFileReference; lastKnownFileType = sourcecode.swift; path = ViewController.swift; sourceTree = "<group>"; };
		B09A253C1E9BC3DC003FE45C /* Base */ = {isa = PBXFileReference; lastKnownFileType = file.storyboard; name = Base; path = Base.lproj/Main.storyboard; sourceTree = "<group>"; };
		B09A253E1E9BC3DC003FE45C /* Assets.xcassets */ = {isa = PBXFileReference; lastKnownFileType = folder.assetcatalog; path = Assets.xcassets; sourceTree = "<group>"; };
		B09A25411E9BC3DC003FE45C /* Base */ = {isa = PBXFileReference; lastKnownFileType = file.storyboard; name = Base; path = Base.lproj/LaunchScreen.storyboard; sourceTree = "<group>"; };
		B09A25431E9BC3DC003FE45C /* Info.plist */ = {isa = PBXFileReference; lastKnownFileType = text.plist.xml; path = Info.plist; sourceTree = "<group>"; };
		B09A25491E9BC3F2003FE45C /* Triangle.swift */ = {isa = PBXFileReference; fileEncoding = 4; lastKnownFileType = sourcecode.swift; path = Triangle.swift; sourceTree = "<group>"; };
		B09A254B1E9BC620003FE45C /* Circle.swift */ = {isa = PBXFileReference; fileEncoding = 4; lastKnownFileType = sourcecode.swift; path = Circle.swift; sourceTree = "<group>"; };
		B09A254D1E9BC6DD003FE45C /* Square.swift */ = {isa = PBXFileReference; fileEncoding = 4; lastKnownFileType = sourcecode.swift; path = Square.swift; sourceTree = "<group>"; };
		B09A254F1E9BC87D003FE45C /* Shape.swift */ = {isa = PBXFileReference; fileEncoding = 4; lastKnownFileType = sourcecode.swift; path = Shape.swift; sourceTree = "<group>"; };
/* End PBXFileReference section */

/* Begin PBXFrameworksBuildPhase section */
		B09A25311E9BC3DC003FE45C /* Frameworks */ = {
			isa = PBXFrameworksBuildPhase;
			buildActionMask = 2147483647;
			files = (
			);
			runOnlyForDeploymentPostprocessing = 0;
		};
/* End PBXFrameworksBuildPhase section */

/* Begin PBXGroup section */
		B09A252B1E9BC3DC003FE45C = {
			isa = PBXGroup;
			children = (
				B09A25361E9BC3DC003FE45C /* Exercises */,
				B09A25351E9BC3DC003FE45C /* Products */,
			);
			sourceTree = "<group>";
		};
		B09A25351E9BC3DC003FE45C /* Products */ = {
			isa = PBXGroup;
			children = (
				B09A25341E9BC3DC003FE45C /* Exercises.app */,
			);
			name = Products;
			sourceTree = "<group>";
		};
		B09A25361E9BC3DC003FE45C /* Exercises */ = {
			isa = PBXGroup;
			children = (
				B09A25371E9BC3DC003FE45C /* AppDelegate.swift */,
				B09A25391E9BC3DC003FE45C /* ViewController.swift */,
				B09A254F1E9BC87D003FE45C /* Shape.swift */,
				B09A25491E9BC3F2003FE45C /* Triangle.swift */,
				B09A254B1E9BC620003FE45C /* Circle.swift */,
				B09A254D1E9BC6DD003FE45C /* Square.swift */,
				B09A253B1E9BC3DC003FE45C /* Main.storyboard */,
				B09A253E1E9BC3DC003FE45C /* Assets.xcassets */,
				B09A25401E9BC3DC003FE45C /* LaunchScreen.storyboard */,
				B09A25431E9BC3DC003FE45C /* Info.plist */,
			);
			path = Exercises;
			sourceTree = "<group>";
		};
/* End PBXGroup section */

/* Begin PBXNativeTarget section */
		B09A25331E9BC3DC003FE45C /* Exercises */ = {
			isa = PBXNativeTarget;
			buildConfigurationList = B09A25461E9BC3DC003FE45C /* Build configuration list for PBXNativeTarget "Exercises" */;
			buildPhases = (
				B09A25301E9BC3DC003FE45C /* Sources */,
				B09A25311E9BC3DC003FE45C /* Frameworks */,
				B09A25321E9BC3DC003FE45C /* Resources */,
			);
			buildRules = (
			);
			dependencies = (
			);
			name = Exercises;
			productName = Exercises;
			productReference = B09A25341E9BC3DC003FE45C /* Exercises.app */;
			productType = "com.apple.product-type.application";
		};
/* End PBXNativeTarget section */

/* Begin PBXProject section */
		B09A252C1E9BC3DC003FE45C /* Project object */ = {
			isa = PBXProject;
			attributes = {
				LastSwiftUpdateCheck = 0830;
				LastUpgradeCheck = 1130;
				ORGANIZATIONNAME = "Adrian Kosmaczewski";
				TargetAttributes = {
					B09A25331E9BC3DC003FE45C = {
						CreatedOnToolsVersion = 8.3.1;
						LastSwiftMigration = 1130;
					};
				};
			};
			buildConfigurationList = B09A252F1E9BC3DC003FE45C /* Build configuration list for PBXProject "Exercises" */;
			compatibilityVersion = "Xcode 9.3";
			developmentRegion = en;
			hasScannedForEncodings = 0;
			knownRegions = (
				en,
				Base,
			);
			mainGroup = B09A252B1E9BC3DC003FE45C;
			productRefGroup = B09A25351E9BC3DC003FE45C /* Products */;
			projectDirPath = "";
			projectRoot = "";
			targets = (
				B09A25331E9BC3DC003FE45C /* Exercises */,
			);
		};
/* End PBXProject section */

/* Begin PBXResourcesBuildPhase section */
		B09A25321E9BC3DC003FE45C /* Resources */ = {
			isa = PBXResourcesBuildPhase;
			buildActionMask = 2147483647;
			files = (
				B09A25421E9BC3DC003FE45C /* LaunchScreen.storyboard in Resources */,
				B09A253F1E9BC3DC003FE45C /* Assets.xcassets in Resources */,
				B09A253D1E9BC3DC003FE45C /* Main.storyboard in Resources */,
			);
			runOnlyForDeploymentPostprocessing = 0;
		};
/* End PBXResourcesBuildPhase section */

/* Begin PBXSourcesBuildPhase section */
		B09A25301E9BC3DC003FE45C /* Sources */ = {
			isa = PBXSourcesBuildPhase;
			buildActionMask = 2147483647;
			files = (
				B09A254E1E9BC6DD003FE45C /* Square.swift in Sources */,
				B09A25501E9BC87D003FE45C /* Shape.swift in Sources */,
				B09A254A1E9BC3F2003FE45C /* Triangle.swift in Sources */,
				B09A254C1E9BC620003FE45C /* Circle.swift in Sources */,
				B09A253A1E9BC3DC003FE45C /* ViewController.swift in Sources */,
				B09A25381E9BC3DC003FE45C /* AppDelegate.swift in Sources */,
			);
			runOnlyForDeploymentPostprocessing = 0;
		};
/* End PBXSourcesBuildPhase section */

/* Begin PBXVariantGroup section */
		B09A253B1E9BC3DC003FE45C /* Main.storyboard */ = {
			isa = PBXVariantGroup;
			children = (
				B09A253C1E9BC3DC003FE45C /* Base */,
			);
			name = Main.storyboard;
			sourceTree = "<group>";
		};
		B09A25401E9BC3DC003FE45C /* LaunchScreen.storyboard */ = {
			isa = PBXVariantGroup;
			children = (
				B09A25411E9BC3DC003FE45C /* Base */,
			);
			name = LaunchScreen.storyboard;
			sourceTree = "<group>";
		};
/* End PBXVariantGroup section */

/* Begin XCBuildConfiguration section */
		B09A25441E9BC3DC003FE45C /* Debug */ = {
			isa = XCBuildConfiguration;
			buildSettings = {
				ALWAYS_SEARCH_USER_PATHS = NO;
				CLANG_ANALYZER_NONNULL = YES;
				CLANG_ANALYZER_NUMBER_OBJECT_CONVERSION = YES_AGGRESSIVE;
				CLANG_CXX_LANGUAGE_STANDARD = "gnu++0x";
				CLANG_CXX_LIBRARY = "libc++";
				CLANG_ENABLE_MODULES = YES;
				CLANG_ENABLE_OBJC_ARC = YES;
				CLANG_WARN_BLOCK_CAPTURE_AUTORELEASING = YES;
				CLANG_WARN_BOOL_CONVERSION = YES;
				CLANG_WARN_COMMA = YES;
				CLANG_WARN_CONSTANT_CONVERSION = YES;
				CLANG_WARN_DEPRECATED_OBJC_IMPLEMENTATIONS = YES;
				CLANG_WARN_DIRECT_OBJC_ISA_USAGE = YES_ERROR;
				CLANG_WARN_DOCUMENTATION_COMMENTS = YES;
				CLANG_WARN_EMPTY_BODY = YES;
				CLANG_WARN_ENUM_CONVERSION = YES;
				CLANG_WARN_INFINITE_RECURSION = YES;
				CLANG_WARN_INT_CONVERSION = YES;
				CLANG_WARN_NON_LITERAL_NULL_CONVERSION = YES;
				CLANG_WARN_OBJC_IMPLICIT_RETAIN_SELF = YES;
				CLANG_WARN_OBJC_LITERAL_CONVERSION = YES;
				CLANG_WARN_OBJC_ROOT_CLASS = YES_ERROR;
				CLANG_WARN_RANGE_LOOP_ANALYSIS = YES;
				CLANG_WARN_STRICT_PROTOTYPES = YES;
				CLANG_WARN_SUSPICIOUS_MOVE = YES;
				CLANG_WARN_UNREACHABLE_CODE = YES;
				CLANG_WARN__DUPLICATE_METHOD_MATCH = YES;
				"CODE_SIGN_IDENTITY[sdk=iphoneos*]" = "iPhone Developer";
				COPY_PHASE_STRIP = NO;
				DEBUG_INFORMATION_FORMAT = dwarf;
				ENABLE_STRICT_OBJC_MSGSEND = YES;
				ENABLE_TESTABILITY = YES;
				GCC_C_LANGUAGE_STANDARD = gnu99;
				GCC_DYNAMIC_NO_PIC = NO;
				GCC_NO_COMMON_BLOCKS = YES;
				GCC_OPTIMIZATION_LEVEL = 0;
				GCC_PREPROCESSOR_DEFINITIONS = (
					"DEBUG=1",
					"$(inherited)",
				);
				GCC_WARN_64_TO_32_BIT_CONVERSION = YES;
				GCC_WARN_ABOUT_RETURN_TYPE = YES_ERROR;
				GCC_WARN_UNDECLARED_SELECTOR = YES;
				GCC_WARN_UNINITIALIZED_AUTOS = YES_AGGRESSIVE;
				GCC_WARN_UNUSED_FUNCTION = YES;
				GCC_WARN_UNUSED_VARIABLE = YES;
				IPHONEOS_DEPLOYMENT_TARGET = 13.2;
				MTL_ENABLE_DEBUG_INFO = YES;
				ONLY_ACTIVE_ARCH = YES;
				SDKROOT = iphoneos;
				SWIFT_ACTIVE_COMPILATION_CONDITIONS = DEBUG;
				SWIFT_OPTIMIZATION_LEVEL = "-Onone";
			};
			name = Debug;
		};
		B09A25451E9BC3DC003FE45C /* Release */ = {
			isa = XCBuildConfiguration;
			buildSettings = {
				ALWAYS_SEARCH_USER_PATHS = NO;
				CLANG_ANALYZER_NONNULL = YES;
				CLANG_ANALYZER_NUMBER_OBJECT_CONVERSION = YES_AGGRESSIVE;
				CLANG_CXX_LANGUAGE_STANDARD = "gnu++0x";
				CLANG_CXX_LIBRARY = "libc++";
				CLANG_ENABLE_MODULES = YES;
				CLANG_ENABLE_OBJC_ARC = YES;
				CLANG_WARN_BLOCK_CAPTURE_AUTORELEASING = YES;
				CLANG_WARN_BOOL_CONVERSION = YES;
				CLANG_WARN_COMMA = YES;
				CLANG_WARN_CONSTANT_CONVERSION = YES;
				CLANG_WARN_DEPRECATED_OBJC_IMPLEMENTATIONS = YES;
				CLANG_WARN_DIRECT_OBJC_ISA_USAGE = YES_ERROR;
				CLANG_WARN_DOCUMENTATION_COMMENTS = YES;
				CLANG_WARN_EMPTY_BODY = YES;
				CLANG_WARN_ENUM_CONVERSION = YES;
				CLANG_WARN_INFINITE_RECURSION = YES;
				CLANG_WARN_INT_CONVERSION = YES;
				CLANG_WARN_NON_LITERAL_NULL_CONVERSION = YES;
				CLANG_WARN_OBJC_IMPLICIT_RETAIN_SELF = YES;
				CLANG_WARN_OBJC_LITERAL_CONVERSION = YES;
				CLANG_WARN_OBJC_ROOT_CLASS = YES_ERROR;
				CLANG_WARN_RANGE_LOOP_ANALYSIS = YES;
				CLANG_WARN_STRICT_PROTOTYPES = YES;
				CLANG_WARN_SUSPICIOUS_MOVE = YES;
				CLANG_WARN_UNREACHABLE_CODE = YES;
				CLANG_WARN__DUPLICATE_METHOD_MATCH = YES;
				"CODE_SIGN_IDENTITY[sdk=iphoneos*]" = "iPhone Developer";
				COPY_PHASE_STRIP = NO;
				DEBUG_INFORMATION_FORMAT = "dwarf-with-dsym";
				ENABLE_NS_ASSERTIONS = NO;
				ENABLE_STRICT_OBJC_MSGSEND = YES;
				GCC_C_LANGUAGE_STANDARD = gnu99;
				GCC_NO_COMMON_BLOCKS = YES;
				GCC_WARN_64_TO_32_BIT_CONVERSION = YES;
				GCC_WARN_ABOUT_RETURN_TYPE = YES_ERROR;
				GCC_WARN_UNDECLARED_SELECTOR = YES;
				GCC_WARN_UNINITIALIZED_AUTOS = YES_AGGRESSIVE;
				GCC_WARN_UNUSED_FUNCTION = YES;
				GCC_WARN_UNUSED_VARIABLE = YES;
				IPHONEOS_DEPLOYMENT_TARGET = 13.2;
				MTL_ENABLE_DEBUG_INFO = NO;
				SDKROOT = iphoneos;
				SWIFT_COMPILATION_MODE = wholemodule;
				SWIFT_OPTIMIZATION_LEVEL = "-O";
				VALIDATE_PRODUCT = YES;
			};
			name = Release;
		};
		B09A25471E9BC3DC003FE45C /* Debug */ = {
			isa = XCBuildConfiguration;
			buildSettings = {
				ASSETCATALOG_COMPILER_APPICON_NAME = AppIcon;
				CODE_SIGN_IDENTITY = "Apple Development";
				CODE_SIGN_STYLE = Automatic;
				DEVELOPMENT_TEAM = "";
				INFOPLIST_FILE = Exercises/Info.plist;
				LD_RUNPATH_SEARCH_PATHS = (
					"$(inherited)",
					"@executable_path/Frameworks",
				);
				PRODUCT_BUNDLE_IDENTIFIER = training.akosma.Exercises;
				PRODUCT_NAME = "$(TARGET_NAME)";
				PROVISIONING_PROFILE_SPECIFIER = "";
				SWIFT_VERSION = 5.0;
			};
			name = Debug;
		};
		B09A25481E9BC3DC003FE45C /* Release */ = {
			isa = XCBuildConfiguration;
			buildSettings = {
				ASSETCATALOG_COMPILER_APPICON_NAME = AppIcon;
				CODE_SIGN_IDENTITY = "Apple Development";
				CODE_SIGN_STYLE = Automatic;
				DEVELOPMENT_TEAM = "";
				INFOPLIST_FILE = Exercises/Info.plist;
				LD_RUNPATH_SEARCH_PATHS = (
					"$(inherited)",
					"@executable_path/Frameworks",
				);
				PRODUCT_BUNDLE_IDENTIFIER = training.akosma.Exercises;
				PRODUCT_NAME = "$(TARGET_NAME)";
				PROVISIONING_PROFILE_SPECIFIER = "";
				SWIFT_VERSION = 5.0;
			};
			name = Release;
		};
/* End XCBuildConfiguration section */

/* Begin XCConfigurationList section */
		B09A252F1E9BC3DC003FE45C /* Build configuration list for PBXProject "Exercises" */ = {
			isa = XCConfigurationList;
			buildConfigurations = (
				B09A25441E9BC3DC003FE45C /* Debug */,
				B09A25451E9BC3DC003FE45C /* Release */,
			);
			defaultConfigurationIsVisible = 0;
			defaultConfigurationName = Release;
		};
		B09A25461E9BC3DC003FE45C /* Build configuration list for PBXNativeTarget "Exercises" */ = {
			isa = XCConfigurationList;
			buildConfigurations = (
				B09A25471E9BC3DC003FE45C /* Debug */,
				B09A25481E9BC3DC003FE45C /* Release */,
			);
			defaultConfigurationIsVisible = 0;
			defaultConfigurationName = Release;
		};
/* End XCConfigurationList section */
	};
	rootObject = B09A252C1E9BC3DC003FE45C /* Project object */;
}
